{
    "_readme": [
        "This file locks the dependencies of your project to a known state",
        "Read more about it at https://getcomposer.org/doc/01-basic-usage.md#installing-dependencies",
        "This file is @generated automatically"
    ],
    "content-hash": "a57bf0eeca6c41e01d2e36dbf672d200",
    "packages": [],
    "packages-dev": [
        {
            "name": "eloquent/phony",
            "version": "dev-master",
            "source": {
                "type": "git",
                "url": "https://github.com/eloquent/phony.git",
                "reference": "4ff70c4b787fe51754d41913005e6fa532bfd9a1"
            },
            "dist": {
                "type": "zip",
                "url": "https://api.github.com/repos/eloquent/phony/zipball/4ff70c4b787fe51754d41913005e6fa532bfd9a1",
                "reference": "4ff70c4b787fe51754d41913005e6fa532bfd9a1",
                "shasum": ""
            },
            "require": {
                "php": "^7.3 || ^8"
            },
            "require-dev": {
                "eloquent/code-style": "^1.0",
                "eloquent/phpstan-phony": "^0.7",
                "errors/exceptions": "^0.2",
                "ext-pdo": "*",
                "friendsofphp/php-cs-fixer": "^2",
                "hamcrest/hamcrest-php": "^2",
                "phpstan/extension-installer": "^1",
                "phpstan/phpstan": "^0.12",
                "phpstan/phpstan-phpunit": "^0.12",
                "phpunit/phpunit": "^9"
            },
            "default-branch": true,
            "type": "library",
            "extra": {
                "branch-alias": {
                    "dev-master": "5.1.x-dev"
                }
            },
            "autoload": {
                "psr-4": {
                    "Eloquent\\Phony\\": "src"
                },
                "files": [
                    "src/initialize.php",
                    "src/functions.php"
                ]
            },
            "notification-url": "https://packagist.org/downloads/",
            "license": [
                "MIT"
            ],
            "authors": [
                {
                    "name": "Erin Millard",
                    "email": "ezzatron@gmail.com",
                    "homepage": "http://ezzatron.com/"
                }
            ],
            "description": "Mocks, stubs, and spies for PHP.",
            "homepage": "http://eloquent-software.com/phony/",
            "keywords": [
                "Double",
                "Dummy",
                "fake",
                "mock",
                "mocking",
                "spy",
                "stub",
                "stubbing",
                "test"
            ],
            "support": {
                "issues": "https://github.com/eloquent/phony/issues",
                "source": "https://github.com/eloquent/phony/tree/master"
            },
            "time": "2021-03-15T01:01:52+00:00"
        },
        {
            "name": "eloquent/phony-kahlan",
            "version": "dev-master",
            "source": {
                "type": "git",
                "url": "https://github.com/eloquent/phony-kahlan.git",
                "reference": "51eea2cc4f46cebc0265a6e6672433cbd33bab6f"
            },
            "dist": {
                "type": "zip",
                "url": "https://api.github.com/repos/eloquent/phony-kahlan/zipball/51eea2cc4f46cebc0265a6e6672433cbd33bab6f",
                "reference": "51eea2cc4f46cebc0265a6e6672433cbd33bab6f",
                "shasum": ""
            },
            "require": {
                "eloquent/phony": "^5",
                "kahlan/kahlan": "^5",
                "php": "^7.3 || ^8"
            },
            "require-dev": {
                "eloquent/code-style": "^1",
                "eloquent/phpstan-phony": "^0.7",
                "errors/exceptions": "^0.2",
                "friendsofphp/php-cs-fixer": "^2",
                "phpstan/extension-installer": "^1",
                "phpstan/phpstan": "^0.12"
            },
            "default-branch": true,
            "type": "library",
            "extra": {
                "branch-alias": {
                    "dev-master": "4.1.x-dev"
                }
            },
            "autoload": {
                "psr-4": {
                    "Eloquent\\Phony\\Kahlan\\": "src"
                },
                "files": [
                    "src/initialize.php",
                    "src/functions.php"
                ]
            },
            "notification-url": "https://packagist.org/downloads/",
            "license": [
                "MIT"
            ],
            "authors": [
                {
                    "name": "Erin Millard",
                    "email": "ezzatron@gmail.com",
                    "homepage": "http://ezzatron.com/"
                }
            ],
            "description": "Phony for Kahlan.",
            "homepage": "http://eloquent-software.com/phony/",
            "keywords": [
                "Double",
                "Dummy",
                "fake",
                "mock",
                "mocking",
                "spy",
                "stub",
                "stubbing",
                "test"
            ],
            "support": {
                "issues": "https://github.com/eloquent/phony-kahlan/issues",
                "source": "https://github.com/eloquent/phony-kahlan/tree/4.0.0"
            },
            "time": "2020-12-30T03:30:27+00:00"
        },
        {
            "name": "kahlan/kahlan",
            "version": "5.0.8",
            "source": {
                "type": "git",
                "url": "https://github.com/kahlan/kahlan.git",
                "reference": "4638c4317ed19ac1c57be76daa2ab9f4a7f4338e"
            },
            "dist": {
                "type": "zip",
                "url": "https://api.github.com/repos/kahlan/kahlan/zipball/4638c4317ed19ac1c57be76daa2ab9f4a7f4338e",
                "reference": "4638c4317ed19ac1c57be76daa2ab9f4a7f4338e",
                "shasum": ""
            },
            "require": {
                "php": ">=7.1"
            },
            "require-dev": {
                "squizlabs/php_codesniffer": "^3.4"
            },
            "bin": [
                "bin/kahlan"
            ],
            "type": "library",
            "autoload": {
                "psr-4": {
                    "Kahlan\\": "src/"
                },
                "files": [
                    "src/functions.php"
                ]
            },
            "notification-url": "https://packagist.org/downloads/",
            "license": [
                "MIT"
            ],
            "authors": [
                {
                    "name": "CrysaLEAD"
                }
            ],
            "description": "The PHP Test Framework for Freedom, Truth and Justice.",
            "keywords": [
                "BDD",
                "Behavior-Driven Development",
                "Monkey Patching",
                "TDD",
                "mock",
                "stub",
                "testing",
                "unit test"
            ],
            "support": {
                "issues": "https://github.com/kahlan/kahlan/issues",
                "source": "https://github.com/kahlan/kahlan/tree/5.0.8"
            },
            "time": "2021-02-22T15:14:13+00:00"
        }
    ],
    "aliases": [],
    "minimum-stability": "dev",
    "stability-flags": [],
    "prefer-stable": false,
    "prefer-lowest": false,
    "platform": [],
    "platform-dev": [],
    "plugin-api-version": "2.0.0"
}
